
Microsoft Visual Studio Solution File, Format Version 12.00
# Visual Studio Version 17
VisualStudioVersion = 17.2.32616.157
MinimumVisualStudioVersion = 10.0.40219.1
Project("{FAE04EC0-301F-11D3-BF4B-00C04F79EFBC}") = "BarTenderDemo", "BarTenderDemo\BarTenderDemo.csproj", "{113E0B00-D1FF-41D2-B053-7115C1B1C066}"
EndProject
Global
	GlobalSection(SolutionConfigurationPlatforms) = preSolution
		Debug|Any CPU = Debug|Any CPU
		Release|Any CPU = Release|Any CPU
	EndGlobalSection
	GlobalSection(ProjectConfigurationPlatforms) = postSolution
		{113E0B00-D1FF-41D2-B053-7115C1B1C066}.Debug|Any CPU.ActiveCfg = Debug|Any CPU
		{113E0B00-D1FF-41D2-B053-7115C1B1C066}.Debug|Any CPU.Build.0 = Debug|Any CPU
		{113E0B00-D1FF-41D2-B053-7115C1B1C066}.Release|Any CPU.ActiveCfg = Release|Any CPU
		{113E0B00-D1FF-41D2-B053-7115C1B1C066}.Release|Any CPU.Build.0 = Release|Any CPU
	EndGlobalSection
	GlobalSection(SolutionProperties) = preSolution
		HideSolutionNode = FALSE
	EndGlobalSection
	GlobalSection(ExtensibilityGlobals) = postSolution
		SolutionGuid = {F2EB28D0-D3A4-494C-B926-940E02755672}
	EndGlobalSection
EndGlobal
